lockfileVersion: '9.0'

settings:
  autoInstallPeers: true
  excludeLinksFromLockfile: false

importers:

  .:
    dependencies:
      '@aws-sdk/client-s3':
        specifier: ^3.1100.0
        version: 3.1100.0
      '@aws-sdk/s3-request-presigner':
        specifier: ^3.1100.0
        version: 3.1100.0
      '@supabase/supabase-js':
        specifier: 2.110.8
        version: 2.110.8
      lucide-react:
        specifier: ^0.468.0
        version: 0.468.0(react@19.2.8)
      next:
        specifier: ^15.1.3
        version: 15.5.21(react-dom@19.2.8(react@19.2.8))(react@19.2.8)
      nodemailer:
        specifier: ^9.0.3
        version: 9.0.3
      react:
        specifier: ^19.0.0
        version: 19.2.8
      react-dom:
        specifier: ^19.0.0
        version: 19.2.8(react@19.2.8)
      tus-js-client:
        specifier: 4.3.1
        version: 4.3.1
    devDependencies:
      '@types/node':
        specifier: ^22.10.2
        version: 22.20.1
      '@types/nodemailer':
        specifier: ^8.0.1
        version: 8.0.1
      '@types/react':
        specifier: ^19.0.3
        version: 19.2.17
      '@types/react-dom':
        specifier: ^19.0.2
        version: 19.2.3(@types/react@19.2.17)
      typescript:
        specifier: ^5.7.2
        version: 5.9.3

packages:

  '@aws-sdk/checksums@3.1000.24':
    resolution: {integrity: sha512-7TWLjypP8kk3savsDBRuhZJx7mBuFFA2136BQhwwLllsAnO4Tmq/p+SXZaNxbuulkzUFz3BZzj0bb4YzexZcNQ==}
    engines: {node: '>=20.0.0'}

  '@aws-sdk/client-s3@3.1100.0':
    resolution: {integrity: sha512-5IvIlW6kWOC9EPq2RM7VQUgfDF2QFHHFgQJ2DichmrYBDg5yiAmqMkDiHqUSkFYosVexXaXD/lV4yYxTyA27zw==}
    engines: {node: '>=20.0.0'}

  '@aws-sdk/core@3.977.4':
    resolution: {integrity: sha512-CEkcQlMOQJCvul60U7wdAOACjtdgFWDsfJI+6wUOGdhGNV2lGbuJpi/R50QLpFG3Tp+sQxa/RmzC3X7KHbhuTA==}
    engines: {node: '>=20.0.0'}

  '@aws-sdk/credential-provider-env@3.972.65':
    resolution: {integrity: sha512-lJT2aRw9wCV8jPHyFJjdZLD4HTydL6/22AnCSOB8e/LqOc55nEJGLHkJQeSxhn8QiqyjFwPKQFtMw0ovjRUY/g==}
    engines: {node: '>=20.0.0'}

  '@aws-sdk/credential-provider-http@3.972.67':
    resolution: {integrity: sha512-N7fw/15hSwI/CPxe5ohOyb7O4ge9f5me1gVIn8OIkBRB0squ8OJqQyDyH/HoL+Sb1W5xdC88jVC+bHkw73iu+Q==}
    engines: {node: '>=20.0.0'}

  '@aws-sdk/credential-provider-ini@3.973.10':
    resolution: {integrity: sha512-Zh9XRaPnDN9buO7GfWBubS22R6Nq5D6hbyYEMN05LiOnXugm/8WDjUx6y756bSPbdn3aJB2qG4zFW3bN82QhoQ==}
    engines: {node: '>=20.0.0'}

  '@aws-sdk/credential-provider-login@3.972.72':
    resolution: {integrity: sha512-zZapIKwaHp7TdTf9hbH1I3CVUdEupmt7FXO/BoTQGC+4h6NkXKWpqF2p5WyfpjurDLHCpSyh+BzMlAg8arqWLA==}
    engines: {node: '>=20.0.0'}

  '@aws-sdk/credential-provider-node@3.972.76':
    resolution: {integrity: sha512-1yzLmRiYSgGC25v7ZZEwJn/auhHHTIHgFOmzL2f36hf1+7jSLcX+1QrAz4760WEzPiiQl8xmlpFhHfl2OoyVzA==}
    engines: {node: '>=20.0.0'}

  '@aws-sdk/credential-provider-process@3.972.65':
    resolution: {integrity: sha512-e5DbbNteOSalN58U83G6kFa4ECLEuGbGqNBHIXE7zYXA/m4GHblIGjFbSH7wYv6gBV8iNSDcRZBKfQZF5vF9nw==}
    engines: {node: '>=20.0.0'}

  '@aws-sdk/credential-provider-sso@3.973.9':
    resolution: {integrity: sha512-0V0u4t+KBku9fbh5CPCaC5hUWwSzDafp8nCuDy817zWbp2gz80jO44rMQkiwnZ+k54B+tjAtzRy00DJRGTKGBg==}
    engines: {node: '>=20.0.0'}

  '@aws-sdk/credential-provider-web-identity@3.972.71':
    resolution: {integrity: sha512-e4dwiRltGAaQ+2yxw57Hj0l/BF3BHiG14+QpYE7bGYBlpAq/fkIri2BDhjWon8c0mhhtd2txQBAkQb9BcTStFg==}
    engines: {node: '>=20.0.0'}

  '@aws-sdk/middleware-sdk-s3@3.972.70':
    resolution: {integrity: sha512-APdP0iODt39AkjCjzTFIoFrxDH/Cz3CpWRDKLcsJg7eOnfE1htkxL9BhDoe/xL7cXdoMwh2HBYv3DiT1uf64NQ==}
    engines: {node: '>=20.0.0'}

  '@aws-sdk/nested-clients@3.997.39':
    resolution: {integrity: sha512-wU5NPnj62Sb7A8xn/Zb+xThe05P3otNtDl37iOIi5DDMeCesNeCckaG+eXWGUs12Z9R34I8CD05TaTe6SIa61g==}
    engines: {node: '>=20.0.0'}

  '@aws-sdk/s3-request-presigner@3.1100.0':
    resolution: {integrity: sha512-YXl2CNTJi9sCWCZufz4efHgYUrLSHg+b6NnbLbUZKXjazlcPjYRE8liZ50ckj7ZSVaB6LHY3C8/8Sz7CcrLkmQ==}
    engines: {node: '>=20.0.0'}

  '@aws-sdk/signature-v4-multi-region@3.996.43':
    resolution: {integrity: sha512-lKekx8bLBXSv4O+cslk9Zfnw2XKSkWBs3uWL5QGhH2ZAQfNS7FE0vcSSN2vD/AhxX54ZTywWxR4STThoeOXlBA==}
    engines: {node: '>=20.0.0'}

  '@aws-sdk/token-providers@3.1100.0':
    resolution: {integrity: sha512-THf3MkgY3fNJZ3zdgSenLqR7gSE68KccCj1RCKretlG73Ppszvues02VpCUO9NlB/tZDC483FvGCld+AiPCkvg==}
    engines: {node: '>=20.0.0'}

  '@aws-sdk/types@3.974.2':
    resolution: {integrity: sha512-3W6IUtSxFbH6X7Wb7DzGCV5QiFQsd0g8bOfntpmDxQlzBoKWUMBu/JPQR0DwkE+Hpnxd6db1tXbOwdeHddG6cA==}
    engines: {node: '>=20.0.0'}

  '@aws-sdk/xml-builder@3.972.37':
    resolution: {integrity: sha512-zKq4HQum8JwDyEuyfuI4bbiAcU0KxP6qy+9PR/IsR92IyE/DaBAikzAS50tjxip4bqIIANpCcG+Yyj6CVhXupg==}
    engines: {node: '>=20.0.0'}

  '@aws/lambda-invoke-store@0.3.0':
    resolution: {integrity: sha512-sl4Bm6yiMNYrZKkqqDFWN0UfnWhlS8ivKxrYl+6t0gCLrqr8y3B2IqZZbFRkfaVVp7C/baApyh71P+LeE1A2sQ==}
    engines: {node: '>=18.0.0'}

  '@emnapi/runtime@1.11.3':
    resolution: {integrity: sha512-Xz4Tpyki7XyrpbUK1jR1AhdAdaXyhhY4lZ3neLodmhpuWfy2PAQN5B46sAiU4liOXGLkHypn/qU+jvfWSCYYLA==}

  '@img/colour@1.1.0':
    resolution: {integrity: sha512-Td76q7j57o/tLVdgS746cYARfSyxk8iEfRxewL9h4OMzYhbW4TAcppl0mT4eyqXddh6L/jwoM75mo7ixa/pCeQ==}
    engines: {node: '>=18'}

  '@img/sharp-darwin-arm64@0.34.5':
    resolution: {integrity: sha512-imtQ3WMJXbMY4fxb/Ndp6HBTNVtWCUI0WdobyheGf5+ad6xX8VIDO8u2xE4qc/fr08CKG/7dDseFtn6M6g/r3w==}
    engines: {node: ^18.17.0 || ^20.3.0 || >=21.0.0}
    cpu: [arm64]
    os: [darwin]

  '@img/sharp-darwin-x64@0.34.5':
    resolution: {integrity: sha512-YNEFAF/4KQ/PeW0N+r+aVVsoIY0/qxxikF2SWdp+NRkmMB7y9LBZAVqQ4yhGCm/H3H270OSykqmQMKLBhBJDEw==}
    engines: {node: ^18.17.0 || ^20.3.0 || >=21.0.0}
    cpu: [x64]
    os: [darwin]

  '@img/sharp-libvips-darwin-arm64@1.2.4':
    resolution: {integrity: sha512-zqjjo7RatFfFoP0MkQ51jfuFZBnVE2pRiaydKJ1G/rHZvnsrHAOcQALIi9sA5co5xenQdTugCvtb1cuf78Vf4g==}
    cpu: [arm64]
    os: [darwin]

  '@img/sharp-libvips-darwin-x64@1.2.4':
    resolution: {integrity: sha512-1IOd5xfVhlGwX+zXv2N93k0yMONvUlANylbJw1eTah8K/Jtpi15KC+WSiaX/nBmbm2HxRM1gZ0nSdjSsrZbGKg==}
    cpu: [x64]
    os: [darwin]

  '@img/sharp-libvips-linux-arm64@1.2.4':
    resolution: {integrity: sha512-excjX8DfsIcJ10x1Kzr4RcWe1edC9PquDRRPx3YVCvQv+U5p7Yin2s32ftzikXojb1PIFc/9Mt28/y+iRklkrw==}
    cpu: [arm64]
    os: [linux]
    libc: [glibc]

  '@img/sharp-libvips-linux-arm@1.2.4':
    resolution: {integrity: sha512-bFI7xcKFELdiNCVov8e44Ia4u2byA+l3XtsAj+Q8tfCwO6BQ8iDojYdvoPMqsKDkuoOo+X6HZA0s0q11ANMQ8A==}
    cpu: [arm]
    os: [linux]
    libc: [glibc]

  '@img/sharp-libvips-linux-ppc64@1.2.4':
    resolution: {integrity: sha512-FMuvGijLDYG6lW+b/UvyilUWu5Ayu+3r2d1S8notiGCIyYU/76eig1UfMmkZ7vwgOrzKzlQbFSuQfgm7GYUPpA==}
    cpu: [ppc64]
    os: [linux]
    libc: [glibc]

  '@img/sharp-libvips-linux-riscv64@1.2.4':
    resolution: {integrity: sha512-oVDbcR4zUC0ce82teubSm+x6ETixtKZBh/qbREIOcI3cULzDyb18Sr/Wcyx7NRQeQzOiHTNbZFF1UwPS2scyGA==}
    cpu: [riscv64]
    os: [linux]
    libc: [glibc]

  '@img/sharp-libvips-linux-s390x@1.2.4':
    resolution: {integrity: sha512-qmp9VrzgPgMoGZyPvrQHqk02uyjA0/QrTO26Tqk6l4ZV0MPWIW6LTkqOIov+J1yEu7MbFQaDpwdwJKhbJvuRxQ==}
    cpu: [s390x]
    os: [linux]
    libc: [glibc]

  '@img/sharp-libvips-linux-x64@1.2.4':
    resolution: {integrity: sha512-tJxiiLsmHc9Ax1bz3oaOYBURTXGIRDODBqhveVHonrHJ9/+k89qbLl0bcJns+e4t4rvaNBxaEZsFtSfAdquPrw==}
    cpu: [x64]
    os: [linux]
    libc: [glibc]

  '@img/sharp-libvips-linuxmusl-arm64@1.2.4':
    resolution: {integrity: sha512-FVQHuwx1IIuNow9QAbYUzJ+En8KcVm9Lk5+uGUQJHaZmMECZmOlix9HnH7n1TRkXMS0pGxIJokIVB9SuqZGGXw==}
    cpu: [arm64]
    os: [linux]
    libc: [musl]

  '@img/sharp-libvips-linuxmusl-x64@1.2.4':
    resolution: {integrity: sha512-+LpyBk7L44ZIXwz/VYfglaX/okxezESc6UxDSoyo2Ks6Jxc4Y7sGjpgU9s4PMgqgjj1gZCylTieNamqA1MF7Dg==}
    cpu: [x64]
    os: [linux]
    libc: [musl]

  '@img/sharp-linux-arm64@0.34.5':
    resolution: {integrity: sha512-bKQzaJRY/bkPOXyKx5EVup7qkaojECG6NLYswgktOZjaXecSAeCWiZwwiFf3/Y+O1HrauiE3FVsGxFg8c24rZg==}
    engines: {node: ^18.17.0 || ^20.3.0 || >=21.0.0}
    cpu: [arm64]
    os: [linux]
    libc: [glibc]

  '@img/sharp-linux-arm@0.34.5':
    resolution: {integrity: sha512-9dLqsvwtg1uuXBGZKsxem9595+ujv0sJ6Vi8wcTANSFpwV/GONat5eCkzQo/1O6zRIkh0m/8+5BjrRr7jDUSZw==}
    engines: {node: ^18.17.0 || ^20.3.0 || >=21.0.0}
    cpu: [arm]
    os: [linux]
    libc: [glibc]

  '@img/sharp-linux-ppc64@0.34.5':
    resolution: {integrity: sha512-7zznwNaqW6YtsfrGGDA6BRkISKAAE1Jo0QdpNYXNMHu2+0dTrPflTLNkpc8l7MUP5M16ZJcUvysVWWrMefZquA==}
    engines: {node: ^18.17.0 || ^20.3.0 || >=21.0.0}
    cpu: [ppc64]
    os: [linux]
    libc: [glibc]

  '@img/sharp-linux-riscv64@0.34.5':
    resolution: {integrity: sha512-51gJuLPTKa7piYPaVs8GmByo7/U7/7TZOq+cnXJIHZKavIRHAP77e3N2HEl3dgiqdD/w0yUfiJnII77PuDDFdw==}
    engines: {node: ^18.17.0 || ^20.3.0 || >=21.0.0}
    cpu: [riscv64]
    os: [linux]
    libc: [glibc]

  '@img/sharp-linux-s390x@0.34.5':
    resolution: {integrity: sha512-nQtCk0PdKfho3eC5MrbQoigJ2gd1CgddUMkabUj+rBevs8tZ2cULOx46E7oyX+04WGfABgIwmMC0VqieTiR4jg==}
    engines: {node: ^18.17.0 || ^20.3.0 || >=21.0.0}
    cpu: [s390x]
    os: [linux]
    libc: [glibc]

  '@img/sharp-linux-x64@0.34.5':
    resolution: {integrity: sha512-MEzd8HPKxVxVenwAa+JRPwEC7QFjoPWuS5NZnBt6B3pu7EG2Ge0id1oLHZpPJdn3OQK+BQDiw9zStiHBTJQQQQ==}
    engines: {node: ^18.17.0 || ^20.3.0 || >=21.0.0}
    cpu: [x64]
    os: [linux]
    libc: [glibc]

  '@img/sharp-linuxmusl-arm64@0.34.5':
    resolution: {integrity: sha512-fprJR6GtRsMt6Kyfq44IsChVZeGN97gTD331weR1ex1c1rypDEABN6Tm2xa1wE6lYb5DdEnk03NZPqA7Id21yg==}
    engines: {node: ^18.17.0 || ^20.3.0 || >=21.0.0}
    cpu: [arm64]
    os: [linux]
    libc: [musl]

  '@img/sharp-linuxmusl-x64@0.34.5':
    resolution: {integrity: sha512-Jg8wNT1MUzIvhBFxViqrEhWDGzqymo3sV7z7ZsaWbZNDLXRJZoRGrjulp60YYtV4wfY8VIKcWidjojlLcWrd8Q==}
    engines: {node: ^18.17.0 || ^20.3.0 || >=21.0.0}
    cpu: [x64]
    os: [linux]
    libc: [musl]

  '@img/sharp-wasm32@0.34.5':
    resolution: {integrity: sha512-OdWTEiVkY2PHwqkbBI8frFxQQFekHaSSkUIJkwzclWZe64O1X4UlUjqqqLaPbUpMOQk6FBu/HtlGXNblIs0huw==}
    engines: {node: ^18.17.0 || ^20.3.0 || >=21.0.0}
    cpu: [wasm32]

  '@img/sharp-win32-arm64@0.34.5':
    resolution: {integrity: sha512-WQ3AgWCWYSb2yt+IG8mnC6Jdk9Whs7O0gxphblsLvdhSpSTtmu69ZG1Gkb6NuvxsNACwiPV6cNSZNzt0KPsw7g==}
    engines: {node: ^18.17.0 || ^20.3.0 || >=21.0.0}
    cpu: [arm64]
    os: [win32]

  '@img/sharp-win32-ia32@0.34.5':
    resolution: {integrity: sha512-FV9m/7NmeCmSHDD5j4+4pNI8Cp3aW+JvLoXcTUo0IqyjSfAZJ8dIUmijx1qaJsIiU+Hosw6xM5KijAWRJCSgNg==}
    engines: {node: ^18.17.0 || ^20.3.0 || >=21.0.0}
    cpu: [ia32]
    os: [win32]

  '@img/sharp-win32-x64@0.34.5':
    resolution: {integrity: sha512-+29YMsqY2/9eFEiW93eqWnuLcWcufowXewwSNIT6UwZdUUCrM3oFjMWH/Z6/TMmb4hlFenmfAVbpWeup2jryCw==}
    engines: {node: ^18.17.0 || ^20.3.0 || >=21.0.0}
    cpu: [x64]
    os: [win32]

  '@next/env@15.5.21':
    resolution: {integrity: sha512-hjJI/GfrjWHgNguRIBzItjRRu0m3Nrz17GhxsjuHfjIvg9hyg3239REd2dpI+bpMTFuVrVprHzEQ19m++cDtbw==}

  '@next/swc-darwin-arm64@15.5.21':
    resolution: {integrity: sha512-ZfjqPEdi6TRC/fWx7UDbwb1fbVgyh2uD5tVTRKIDZDlYM+UNuE/LafDG2fwuAoZilADpABh46OY/F5qf9JjqLQ==}
    engines: {node: '>= 10'}
    cpu: [arm64]
    os: [darwin]

  '@next/swc-darwin-x64@15.5.21':
    resolution: {integrity: sha512-TlCf1NpxgQLzTrexuev75xwmNCJMd1/qkJpTVP1GRRcih93hlIBn1P72hkh8T0gnRFr6BmWksQtbyG3jT6jnww==}
    engines: {node: '>= 10'}
    cpu: [x64]
    os: [darwin]

  '@next/swc-linux-arm64-gnu@15.5.21':
    resolution: {integrity: sha512-LXRsq1p+HvHSi7ygwNcSEEcK0zuo5jS75ZlqFHtOH+LF7qntXAJVJxah+1Pi/GyBm7EpkwU7m4EgbvIKrMqm9A==}
    engines: {node: '>= 10'}
    cpu: [arm64]
    os: [linux]
    libc: [glibc]

  '@next/swc-linux-arm64-musl@15.5.21':
    resolution: {integrity: sha512-hyGixhFxpDKjqoev6l4KlcRBlt9AXWrGhDZwmwg49sMJM5tnKQPSi+SEj9+e5n+l/bthRGZUdh59GKIs6lQPRw==}
    engines: {node: '>= 10'}
    cpu: [arm64]
    os: [linux]
    libc: [musl]

  '@next/swc-linux-x64-gnu@15.5.21':
    resolution: {integrity: sha512-qfE+YfOba6S2+13e8qn1/UozDVNZ2clBlrs8UtDoax4s8ediu6sq93z66OEHUYlb69Tffh5JTNkgtsAKiSuugg==}
    engines: {node: '>= 10'}
    cpu: [x64]
    os: [linux]
    libc: [glibc]

  '@next/swc-linux-x64-musl@15.5.21':
    resolution: {integrity: sha512-BXLGG+EvIwp/Rrgl6HY8sqvD6BOUOIRz8/naDbeLNX7mlA5H2XRcL6MW/0IGnJISfj5BA9gNhFyJj5yOoiIDJQ==}
    engines: {node: '>= 10'}
    cpu: [x64]
    os: [linux]
    libc: [musl]

  '@next/swc-win32-arm64-msvc@15.5.21':
    resolution: {integrity: sha512-tNGNOlT0Wn7E4IMsSnufjXN/l2L2/AGdLLpa2vzS89SYCBuihgLn3ngLsIrvndAnWo9nAkus+4gZHTI/Ijx9HA==}
    engines: {node: '>= 10'}
    cpu: [arm64]
    os: [win32]

  '@next/swc-win32-x64-msvc@15.5.21':
    resolution: {integrity: sha512-DmIdWmC9p4rdNIiQqo8ap0+Cnj6kKtTZnuSCxoYydSc8sgpDgAg9wFhxplunak9imLV0pTvc5WVCOHwm5eHLtQ==}
    engines: {node: '>= 10'}
    cpu: [x64]
    os: [win32]

  '@smithy/core@3.31.1':
    resolution: {integrity: sha512-CyogUINxvi7C7LDsh8Syo6hVJOT9ckz4rG8dRZfTJ8r91HkMY59PnNooaj7WcHyxEkxPfBAmbgztZU+xTo76lg==}
    engines: {node: '>=18.0.0'}

  '@smithy/credential-provider-imds@4.4.16':
    resolution: {integrity: sha512-QfuLWAkLzptffFW980AFeHZFdqds2B64rpEd3uJ6lgs3xVn9QegGMUgUcj+4d7dRrAsya3r58ZKpku97WcFb4w==}
    engines: {node: '>=18.0.0'}

  '@smithy/fetch-http-handler@5.6.13':
    resolution: {integrity: sha512-4fW86pEUOMbrD5nkbyl/tTvPHHWJFbuB2odl6ps9lWfHoXf9HWh3Q/Smh59qH1g7+c/BSZghX6bbUk4gsiMs8A==}
    engines: {node: '>=18.0.0'}

  '@smithy/node-http-handler@4.9.13':
    resolution: {integrity: sha512-Nmd/Nl35zfYrd+a6OO2cDJb3GPh9bgTjIUhcM+JFfjpp8/osCgboDV5nCT1I01Pv6R13eSKDKLSoVa5ZB6Zsfw==}
    engines: {node: '>=18.0.0'}

  '@smithy/signature-v4@5.6.12':
    resolution: {integrity: sha512-I6KLtq3H0qqSuV9vLglfi8puHqzygzWHOnI4z/Rdoo+q50vvo18vBRdPAvvEtcaKROz7Zn6qnPa14kRfPH6PcQ==}
    engines: {node: '>=18.0.0'}

  '@smithy/types@4.16.1':
    resolution: {integrity: sha512-0JFs3V2y2M9tKW5na/qxe69Zv+uxLMO7QBbhxF/FHu/Gp2NFZAAL9tWl9PU02xxo07pb3G9FTyjNc6D5uZrJIg==}
    engines: {node: '>=18.0.0'}

  '@supabase/auth-js@2.110.8':
    resolution: {integrity: sha512-TQ5neTUDX2C2WmyYa03yGhLMkhdE/SkHXtK8/qxO/APUy3rsymsJCBP48p4jcN6iO2G0ow6RRexQd2mX+dSyJg==}
    engines: {node: '>=22.0.0'}

  '@supabase/functions-js@2.110.8':
    resolution: {integrity: sha512-5yB9TLYzvv2oSQxwb0gamEvIAsuH66pVt7AM/pz03S7wN6ehD34GNgbShrccetqPedXQSz7e/1hAJ9NeEhoZVg==}
    engines: {node: '>=22.0.0'}

  '@supabase/phoenix@0.4.5':
    resolution: {integrity: sha512-aAn9H9ovVyeApKy11OWOrrOGq8DV68yWeH4ud2lN9fzn4aO8Zb5GLL9m1pUg9nLqIcT+ZDfAcsZe0E/nqdv2lw==}

  '@supabase/postgrest-js@2.110.8':
    resolution: {integrity: sha512-QeRROxl1PpOZw5Jzi7BwdN9icsycMrLlCCvsjS0hYLW+nZoaT46zdagz/glJirj8jHF4jSd5Jyipuae2cBClCw==}
    engines: {node: '>=22.0.0'}

  '@supabase/realtime-js@2.110.8':
    resolution: {integrity: sha512-mwX7ituX6O31fLf+0g65rpLlNxqgnMaPltPsQwzox6jfmbfVl3tCxXrfr3HEsQcCRjpjuJG1+A0vFzP1yVjKHA==}
    engines: {node: '>=22.0.0'}

  '@supabase/storage-js@2.110.8':
    resolution: {integrity: sha512-CcfhkZFBLxsthgUabZKxwfsoXdrikIGsL3LsGoV3FZTqCMx/s1y49taT4jT/oya5+1IuB0sFFHw6pF0o0iJniQ==}
    engines: {node: '>=22.0.0'}

  '@supabase/supabase-js@2.110.8':
    resolution: {integrity: sha512-E5qzoe74zhJRv4wRcbO9eMYzeQDb/+h6c603pL8shcxLGBjTKsIF7XXj05IcNj23TLDgJN1WkMw7mwAPyu5dZg==}
    engines: {node: '>=22.0.0'}

  '@swc/helpers@0.5.15':
    resolution: {integrity: sha512-JQ5TuMi45Owi4/BIMAJBoSQoOJu12oOk/gADqlcUL9JEdHB8vyjUSsxqeNXnmXHjYKMi2WcYtezGEEhqUI/E2g==}

  '@types/node@22.20.1':
    resolution: {integrity: sha512-EANqOCF9QFyra+4pfxUcX9STKJpCLjMbObVzljIJomAWSnuSIEAvyzEU53GaajbXJEgdh0iEcPL+DGvpUd4k1Q==}

  '@types/nodemailer@8.0.1':
    resolution: {integrity: sha512-PxpaInm8V1JQDd4j0ds5HfvWQk8JupS1C0Picb96QJsrrRDjBH+DlK7L4ZdNSqNULhiZRQHc40nLVShaGxXAMw==}

  '@types/react-dom@19.2.3':
    resolution: {integrity: sha512-jp2L/eY6fn+KgVVQAOqYItbF0VY/YApe5Mz2F0aykSO8gx31bYCZyvSeYxCHKvzHG5eZjc+zyaS5BrBWya2+kQ==}
    peerDependencies:
      '@types/react': ^19.2.0

  '@types/react@19.2.17':
    resolution: {integrity: sha512-MXfmqaVPEVgkBT/aY0aGCkRWWtByiYQXo3xdQ8r5RzuFrPiRn8Gar2tQdXSUQ2GKV3bkXckek89V8wQBY2Q/Aw==}

  bowser@2.14.1:
    resolution: {integrity: sha512-tzPjzCxygAKWFOJP011oxFHs57HzIhOEracIgAePE4pqB3LikALKnSzUyU4MGs9/iCEUuHlAJTjTc5M+u7YEGg==}

  buffer-from@1.1.2:
    resolution: {integrity: sha512-E+XQCRwSbaaiChtv6k6Dwgc+bx+Bs6vuKJHHl5kox/BaKbhiXzqQOwK4cO22yElGp2OCmjwVhT3HmxgyPGnJfQ==}

  caniuse-lite@1.0.30001806:
    resolution: {integrity: sha512-72Cuvd95zbSYPKq6Fhg8eDJRlzgWDf7/mtoZv6Qe/DYNCEBdNxoA3+rZAU2ZhGCpZlns3EssFavaZomckT5Uuw==}

  client-only@0.0.1:
    resolution: {integrity: sha512-IV3Ou0jSMzZrd3pZ48nLkT9DA7Ag1pnPzaiQhpW7c3RbcqqzvzzVu+L8gfqMp/8IM2MQtSiqaCxrrcfu8I8rMA==}

  combine-errors@3.0.3:
    resolution: {integrity: sha512-C8ikRNRMygCwaTx+Ek3Yr+OuZzgZjduCOfSQBjbM8V3MfgcjSTeto/GXP6PAwKvJz/v15b7GHZvx5rOlczFw/Q==}

  csstype@3.2.3:
    resolution: {integrity: sha512-z1HGKcYy2xA8AGQfwrn0PAy+PB7X/GSj3UVJW9qKyn43xWa+gl5nXmU4qqLMRzWVLFC8KusUX8T/0kCiOYpAIQ==}

  custom-error-instance@2.1.1:
    resolution: {integrity: sha512-p6JFxJc3M4OTD2li2qaHkDCw9SfMw82Ldr6OC9Je1aXiGfhx2W8p3GaoeaGrPJTUN9NirTM/KTxHWMUdR1rsUg==}

  detect-libc@2.1.2:
    resolution: {integrity: sha512-Btj2BOOO83o3WyH59e8MgXsxEQVcarkUOpEYrubB0urwnN10yQ364rsiByU11nZlqWYZm05i/of7io4mzihBtQ==}
    engines: {node: '>=8'}

  graceful-fs@4.2.11:
    resolution: {integrity: sha512-RbJ5/jmFcNNCcDV5o9eTnBLJ/HszWV0P73bc+Ff4nS/rJj+YaS6IGyiOL0VoBYX+l1Wrl3k63h/KrH+nhJ0XvQ==}

  iceberg-js@0.8.1:
    resolution: {integrity: sha512-1dhVQZXhcHje7798IVM+xoo/1ZdVfzOMIc8/rgVSijRK38EDqOJoGula9N/8ZI5RD8QTxNQtK/Gozpr+qUqRRA==}
    engines: {node: '>=20.0.0'}

  is-stream@2.0.1:
    resolution: {integrity: sha512-hFoiJiTl63nn+kstHGBtewWSKnQLpyb155KHheA1l39uvtO9nWIop1p3udqPcUd/xbF1VLMO4n7OI6p7RbngDg==}
    engines: {node: '>=8'}

  js-base64@3.9.1:
    resolution: {integrity: sha512-U73qptcvf/HIOauFOmqT3a0mDUp0MYlfd15oqoe9kqZt5XhiXVb+HG09sLvI9PQ9tZIBFS4nlErai8zbWazP0g==}

  lodash._baseiteratee@4.7.0:
    resolution: {integrity: sha512-nqB9M+wITz0BX/Q2xg6fQ8mLkyfF7MU7eE+MNBNjTHFKeKaZAPEzEg+E8LWxKWf1DQVflNEn9N49yAuqKh2mWQ==}

  lodash._basetostring@4.12.0:
    resolution: {integrity: sha512-SwcRIbyxnN6CFEEK4K1y+zuApvWdpQdBHM/swxP962s8HIxPO3alBH5t3m/dl+f4CMUug6sJb7Pww8d13/9WSw==}

  lodash._baseuniq@4.6.0:
    resolution: {integrity: sha512-Ja1YevpHZctlI5beLA7oc5KNDhGcPixFhcqSiORHNsp/1QTv7amAXzw+gu4YOvErqVlMVyIJGgtzeepCnnur0A==}

  lodash._createset@4.0.3:
    resolution: {integrity: sha512-GTkC6YMprrJZCYU3zcqZj+jkXkrXzq3IPBcF/fIPpNEAB4hZEtXU8zp/RwKOvZl43NUmwDbyRk3+ZTbeRdEBXA==}

  lodash._root@3.0.1:
    resolution: {integrity: sha512-O0pWuFSK6x4EXhM1dhZ8gchNtG7JMqBtrHdoUFUWXD7dJnNSUze1GuyQr5sOs0aCvgGeI3o/OJW8f4ca7FDxmQ==}

  lodash._stringtopath@4.8.0:
    resolution: {integrity: sha512-SXL66C731p0xPDC5LZg4wI5H+dJo/EO4KTqOMwLYCH3+FmmfAKJEZCm6ohGpI+T1xwsDsJCfL4OnhorllvlTPQ==}

  lodash.throttle@4.1.1:
    resolution: {integrity: sha512-wIkUCfVKpVsWo3JSZlc+8MB5it+2AN5W8J7YVMST30UrvcQNZ1Okbj+rbVniijTWE6FGYy4XJq/rHkas8qJMLQ==}

  lodash.uniqby@4.5.0:
    resolution: {integrity: sha512-IRt7cfTtHy6f1aRVA5n7kT8rgN3N1nH6MOWLcHfpWG2SH19E3JksLK38MktLxZDhlAjCP9jpIXkOnRXlu6oByQ==}

  lucide-react@0.468.0:
    resolution: {integrity: sha512-6koYRhnM2N0GGZIdXzSeiNwguv1gt/FAjZOiPl76roBi3xKEXa4WmfpxgQwTTL4KipXjefrnf3oV4IsYhi4JFA==}
    peerDependencies:
      react: ^16.5.1 || ^17.0.0 || ^18.0.0 || ^19.0.0-rc

  nanoid@3.3.16:
    resolution: {integrity: sha512-bzlKTyNJ7+LdGIIwy8ijFpIqEQIvafahV7eYykJ8Cvh42EdJeODoJ6gUJXpQJvej1BddH8OqTXZNE/KfbWAu8Q==}
    engines: {node: ^10 || ^12 || ^13.7 || ^14 || >=15.0.1}
    hasBin: true

  next@15.5.21:
    resolution: {integrity: sha512-/TsdBtkWLhkl+NVL3Uqws2UphNd6IPzOtzSk1fHaf+0P7GQKLZDUytyhns/Ykbzdy9+YRjwG7ONvrHaaTDdFqQ==}
    engines: {node: ^18.18.0 || ^19.8.0 || >= 20.0.0}
    hasBin: true
    peerDependencies:
      '@opentelemetry/api': ^1.1.0
      '@playwright/test': ^1.51.1
      babel-plugin-react-compiler: '*'
      react: ^18.2.0 || 19.0.0-rc-de68d2f4-20241204 || ^19.0.0
      react-dom: ^18.2.0 || 19.0.0-rc-de68d2f4-20241204 || ^19.0.0
      sass: ^1.3.0
    peerDependenciesMeta:
      '@opentelemetry/api':
        optional: true
      '@playwright/test':
        optional: true
      babel-plugin-react-compiler:
        optional: true
      sass:
        optional: true

  nodemailer@9.0.3:
    resolution: {integrity: sha512-n+YP+NKwR5zRWa60k3GiQ6Q3B4KXCoAw40dAKeCtYn020iNN74aWK2liXIC3ZEATeGql7we3tE3t8QwhY0eskw==}
    engines: {node: '>=6.0.0'}

  picocolors@1.1.1:
    resolution: {integrity: sha512-xceH2snhtb5M9liqDsmEw56le376mTZkEX/jEb/RxNFyegNul7eNslCXP9FDj/Lcu0X8KEyMceP2ntpaHrDEVA==}

  postcss@8.4.31:
    resolution: {integrity: sha512-PS08Iboia9mts/2ygV3eLpY5ghnUcfLV/EXTOW1E2qYxJKGGBUtNjN76FYHnMs36RmARn41bC0AZmn+rR0OVpQ==}
    engines: {node: ^10 || ^12 || >=14}

  proper-lockfile@4.1.2:
    resolution: {integrity: sha512-TjNPblN4BwAWMXU8s9AEz4JmQxnD1NNL7bNOY/AKUzyamc379FWASUhc/K1pL2noVb+XmZKLL68cjzLsiOAMaA==}

  querystringify@2.2.0:
    resolution: {integrity: sha512-FIqgj2EUvTa7R50u0rGsyTftzjYmv/a3hO345bZNrqabNqjtgiDMgmo4mkUjd+nzU5oF3dClKqFIPUKybUyqoQ==}

  react-dom@19.2.8:
    resolution: {integrity: sha512-rVprimfGBG3DR+Tq0IQG2DT5PxKth1WIGDmj5yPmlzr4YBe7uyE+Du4oVqTDXZSHGGGXRtTJEGSSePyQCMBglQ==}
    peerDependencies:
      react: ^19.2.8

  react@19.2.8:
    resolution: {integrity: sha512-PWaYA1L/q9u2u7xYQi+Y3L3Yfnie7XyLeaJICV1MGD6LprsBxcAqGjYyr0eY3p+QdsA+x/Irkt4Qif8D63+Sbw==}
    engines: {node: '>=0.10.0'}

  requires-port@1.0.0:
    resolution: {integrity: sha512-KigOCHcocU3XODJxsu8i/j8T9tzT4adHiecwORRQ0ZZFcp7ahwXuRU1m+yuO90C5ZUyGeGfocHDI14M3L3yDAQ==}

  retry@0.12.0:
    resolution: {integrity: sha512-9LkiTwjUh6rT555DtE9rTX+BKByPfrMzEAtnlEtdEwr3Nkffwiihqe2bWADg+OQRjt9gl6ICdmB/ZFDCGAtSow==}
    engines: {node: '>= 4'}

  scheduler@0.27.0:
    resolution: {integrity: sha512-eNv+WrVbKu1f3vbYJT/xtiF5syA5HPIMtf9IgY/nKg0sWqzAUEvqY/xm7OcZc/qafLx/iO9FgOmeSAp4v5ti/Q==}

  semver@7.8.5:
    resolution: {integrity: sha512-Y7/KDsb8LjooZpwaqGyulO6DQlksgCncchHGk+sZIY4SBvUocMBEFH5Ur1fI4dV+Jvl0w6cjvucaIi40puRioA==}
    engines: {node: '>=10'}
    hasBin: true

  sharp@0.34.5:
    resolution: {integrity: sha512-Ou9I5Ft9WNcCbXrU9cMgPBcCK8LiwLqcbywW3t4oDV37n1pzpuNLsYiAV8eODnjbtQlSDwZ2cUEeQz4E54Hltg==}
    engines: {node: ^18.17.0 || ^20.3.0 || >=21.0.0}

  signal-exit@3.0.7:
    resolution: {integrity: sha512-wnD2ZE+l+SPC/uoS0vXeE9L1+0wuaMqKlfz9AMUo38JsyLSBWSFcHR1Rri62LZc12vLr1gb3jl7iwQhgwpAbGQ==}

  source-map-js@1.2.1:
    resolution: {integrity: sha512-UXWMKhLOwVKb728IUtQPXxfYU+usdybtUrK/8uGE8CQMvrhOpwvzDBwj0QhSL7MQc7vIsISBG8VQ8+IDQxpfQA==}
    engines: {node: '>=0.10.0'}

  styled-jsx@5.1.6:
    resolution: {integrity: sha512-qSVyDTeMotdvQYoHWLNGwRFJHC+i+ZvdBRYosOFgC+Wg1vx4frN2/RG/NA7SYqqvKNLf39P2LSRA2pu6n0XYZA==}
    engines: {node: '>= 12.0.0'}
    peerDependencies:
      '@babel/core': '*'
      babel-plugin-macros: '*'
      react: '>= 16.8.0 || 17.x.x || ^18.0.0-0 || ^19.0.0-0'
    peerDependenciesMeta:
      '@babel/core':
        optional: true
      babel-plugin-macros:
        optional: true

  tslib@2.8.1:
    resolution: {integrity: sha512-oJFu94HQb+KVduSUQL7wnpmqnfmLsOA/nAh6b6EH0wCEoK0/mPeXU6c3wKDV83MkOuHPRHtSXKKU99IBazS/2w==}

  tus-js-client@4.3.1:
    resolution: {integrity: sha512-ZLeYmjrkaU1fUsKbIi8JML52uAocjEZtBx4DKjRrqzrZa0O4MYwT6db+oqePlspV+FxXJAyFBc/L5gwUi2OFsg==}
    engines: {node: '>=18'}

  typescript@5.9.3:
    resolution: {integrity: sha512-jl1vZzPDinLr9eUt3J/t7V6FgNEw9QjvBPdysz9KfQDD41fQrC2Y4vKQdiaUpFT4bXlb1RHhLpp8wtm6M5TgSw==}
    engines: {node: '>=14.17'}
    hasBin: true

  undici-types@6.21.0:
    resolution: {integrity: sha512-iwDZqg0QAGrg9Rav5H4n0M64c3mkR59cJ6wQp+7C4nI0gsmExaedaYLNO44eT4AtBBwjbTiGPMlt2Md0T9H9JQ==}

  url-parse@1.5.10:
    resolution: {integrity: sha512-WypcfiRhfeUP9vvF0j6rw0J3hrWrw6iZv3+22h6iRMJ/8z1Tj6XfLP4DsUix5MhMPnXpiHDoKyoZ/bdCkwBCiQ==}

snapshots:

  '@aws-sdk/checksums@3.1000.24':
    dependencies:
      '@aws-sdk/core': 3.977.4
      '@aws-sdk/types': 3.974.2
      '@smithy/core': 3.31.1
      '@smithy/types': 4.16.1
      tslib: 2.8.1

  '@aws-sdk/client-s3@3.1100.0':
    dependencies:
      '@aws-sdk/checksums': 3.1000.24
      '@aws-sdk/core': 3.977.4
      '@aws-sdk/credential-provider-node': 3.972.76
      '@aws-sdk/middleware-sdk-s3': 3.972.70
      '@aws-sdk/signature-v4-multi-region': 3.996.43
      '@aws-sdk/types': 3.974.2
      '@smithy/core': 3.31.1
      '@smithy/fetch-http-handler': 5.6.13
      '@smithy/node-http-handler': 4.9.13
      '@smithy/types': 4.16.1
      tslib: 2.8.1

  '@aws-sdk/core@3.977.4':
    dependencies:
      '@aws-sdk/types': 3.974.2
      '@aws-sdk/xml-builder': 3.972.37
      '@aws/lambda-invoke-store': 0.3.0
      '@smithy/core': 3.31.1
      '@smithy/signature-v4': 5.6.12
      '@smithy/types': 4.16.1
      bowser: 2.14.1
      tslib: 2.8.1

  '@aws-sdk/credential-provider-env@3.972.65':
    dependencies:
      '@aws-sdk/core': 3.977.4
      '@aws-sdk/types': 3.974.2
      '@smithy/core': 3.31.1
      '@smithy/types': 4.16.1
      tslib: 2.8.1

  '@aws-sdk/credential-provider-http@3.972.67':
    dependencies:
      '@aws-sdk/core': 3.977.4
      '@aws-sdk/types': 3.974.2
      '@smithy/core': 3.31.1
      '@smithy/fetch-http-handler': 5.6.13
      '@smithy/node-http-handler': 4.9.13
      '@smithy/types': 4.16.1
      tslib: 2.8.1

  '@aws-sdk/credential-provider-ini@3.973.10':
    dependencies:
      '@aws-sdk/core': 3.977.4
      '@aws-sdk/credential-provider-env': 3.972.65
      '@aws-sdk/credential-provider-http': 3.972.67
      '@aws-sdk/credential-provider-login': 3.972.72
      '@aws-sdk/credential-provider-process': 3.972.65
      '@aws-sdk/credential-provider-sso': 3.973.9
      '@aws-sdk/credential-provider-web-identity': 3.972.71
      '@aws-sdk/nested-clients': 3.997.39
      '@aws-sdk/types': 3.974.2
      '@smithy/core': 3.31.1
      '@smithy/credential-provider-imds': 4.4.16
      '@smithy/types': 4.16.1
      tslib: 2.8.1

  '@aws-sdk/credential-provider-login@3.972.72':
    dependencies:
      '@aws-sdk/core': 3.977.4
      '@aws-sdk/nested-clients': 3.997.39
      '@aws-sdk/types': 3.974.2
      '@smithy/core': 3.31.1
      '@smithy/types': 4.16.1
      tslib: 2.8.1

  '@aws-sdk/credential-provider-node@3.972.76':
    dependencies:
      '@aws-sdk/credential-provider-env': 3.972.65
      '@aws-sdk/credential-provider-http': 3.972.67
      '@aws-sdk/credential-provider-ini': 3.973.10
      '@aws-sdk/credential-provider-process': 3.972.65
      '@aws-sdk/credential-provider-sso': 3.973.9
      '@aws-sdk/credential-provider-web-identity': 3.972.71
      '@aws-sdk/types': 3.974.2
      '@smithy/core': 3.31.1
      '@smithy/credential-provider-imds': 4.4.16
      '@smithy/types': 4.16.1
      tslib: 2.8.1

  '@aws-sdk/credential-provider-process@3.972.65':
    dependencies:
      '@aws-sdk/core': 3.977.4
      '@aws-sdk/types': 3.974.2
      '@smithy/core': 3.31.1
      '@smithy/types': 4.16.1
      tslib: 2.8.1

  '@aws-sdk/credential-provider-sso@3.973.9':
    dependencies:
      '@aws-sdk/core': 3.977.4
      '@aws-sdk/nested-clients': 3.997.39
      '@aws-sdk/token-providers': 3.1100.0
      '@aws-sdk/types': 3.974.2
      '@smithy/core': 3.31.1
      '@smithy/types': 4.16.1
      tslib: 2.8.1

  '@aws-sdk/credential-provider-web-identity@3.972.71':
    dependencies:
      '@aws-sdk/core': 3.977.4
      '@aws-sdk/nested-clients': 3.997.39
      '@aws-sdk/types': 3.974.2
      '@smithy/core': 3.31.1
      '@smithy/types': 4.16.1
      tslib: 2.8.1

  '@aws-sdk/middleware-sdk-s3@3.972.70':
    dependencies:
      '@aws-sdk/core': 3.977.4
      '@aws-sdk/signature-v4-multi-region': 3.996.43
      '@aws-sdk/types': 3.974.2
      '@smithy/core': 3.31.1
      '@smithy/types': 4.16.1
      tslib: 2.8.1

  '@aws-sdk/nested-clients@3.997.39':
    dependencies:
      '@aws-sdk/core': 3.977.4
      '@aws-sdk/signature-v4-multi-region': 3.996.43
      '@aws-sdk/types': 3.974.2
      '@smithy/core': 3.31.1
      '@smithy/fetch-http-handler': 5.6.13
      '@smithy/node-http-handler': 4.9.13
      '@smithy/types': 4.16.1
      tslib: 2.8.1

  '@aws-sdk/s3-request-presigner@3.1100.0':
    dependencies:
      '@aws-sdk/core': 3.977.4
      '@aws-sdk/signature-v4-multi-region': 3.996.43
      '@aws-sdk/types': 3.974.2
      '@smithy/core': 3.31.1
      '@smithy/types': 4.16.1
      tslib: 2.8.1

  '@aws-sdk/signature-v4-multi-region@3.996.43':
    dependencies:
      '@aws-sdk/types': 3.974.2
      '@smithy/signature-v4': 5.6.12
      '@smithy/types': 4.16.1
      tslib: 2.8.1

  '@aws-sdk/token-providers@3.1100.0':
    dependencies:
      '@aws-sdk/core': 3.977.4
      '@aws-sdk/nested-clients': 3.997.39
      '@aws-sdk/types': 3.974.2
      '@smithy/core': 3.31.1
      '@smithy/types': 4.16.1
      tslib: 2.8.1

  '@aws-sdk/types@3.974.2':
    dependencies:
      '@smithy/types': 4.16.1
      tslib: 2.8.1

  '@aws-sdk/xml-builder@3.972.37':
    dependencies:
      '@smithy/types': 4.16.1
      tslib: 2.8.1

  '@aws/lambda-invoke-store@0.3.0': {}

  '@emnapi/runtime@1.11.3':
    dependencies:
      tslib: 2.8.1
    optional: true

  '@img/colour@1.1.0':
    optional: true

  '@img/sharp-darwin-arm64@0.34.5':
    optionalDependencies:
      '@img/sharp-libvips-darwin-arm64': 1.2.4
    optional: true

  '@img/sharp-darwin-x64@0.34.5':
    optionalDependencies:
      '@img/sharp-libvips-darwin-x64': 1.2.4
    optional: true

  '@img/sharp-libvips-darwin-arm64@1.2.4':
    optional: true

  '@img/sharp-libvips-darwin-x64@1.2.4':
    optional: true

  '@img/sharp-libvips-linux-arm64@1.2.4':
    optional: true

  '@img/sharp-libvips-linux-arm@1.2.4':
    optional: true

  '@img/sharp-libvips-linux-ppc64@1.2.4':
    optional: true

  '@img/sharp-libvips-linux-riscv64@1.2.4':
    optional: true

  '@img/sharp-libvips-linux-s390x@1.2.4':
    optional: true

  '@img/sharp-libvips-linux-x64@1.2.4':
    optional: true

  '@img/sharp-libvips-linuxmusl-arm64@1.2.4':
    optional: true

  '@img/sharp-libvips-linuxmusl-x64@1.2.4':
    optional: true

  '@img/sharp-linux-arm64@0.34.5':
    optionalDependencies:
      '@img/sharp-libvips-linux-arm64': 1.2.4
    optional: true

  '@img/sharp-linux-arm@0.34.5':
    optionalDependencies:
      '@img/sharp-libvips-linux-arm': 1.2.4
    optional: true

  '@img/sharp-linux-ppc64@0.34.5':
    optionalDependencies:
      '@img/sharp-libvips-linux-ppc64': 1.2.4
    optional: true

  '@img/sharp-linux-riscv64@0.34.5':
    optionalDependencies:
      '@img/sharp-libvips-linux-riscv64': 1.2.4
    optional: true

  '@img/sharp-linux-s390x@0.34.5':
    optionalDependencies:
      '@img/sharp-libvips-linux-s390x': 1.2.4
    optional: true

  '@img/sharp-linux-x64@0.34.5':
    optionalDependencies:
      '@img/sharp-libvips-linux-x64': 1.2.4
    optional: true

  '@img/sharp-linuxmusl-arm64@0.34.5':
    optionalDependencies:
      '@img/sharp-libvips-linuxmusl-arm64': 1.2.4
    optional: true

  '@img/sharp-linuxmusl-x64@0.34.5':
    optionalDependencies:
      '@img/sharp-libvips-linuxmusl-x64': 1.2.4
    optional: true

  '@img/sharp-wasm32@0.34.5':
    dependencies:
      '@emnapi/runtime': 1.11.3
    optional: true

  '@img/sharp-win32-arm64@0.34.5':
    optional: true

  '@img/sharp-win32-ia32@0.34.5':
    optional: true

  '@img/sharp-win32-x64@0.34.5':
    optional: true

  '@next/env@15.5.21': {}

  '@next/swc-darwin-arm64@15.5.21':
    optional: true

  '@next/swc-darwin-x64@15.5.21':
    optional: true

  '@next/swc-linux-arm64-gnu@15.5.21':
    optional: true

  '@next/swc-linux-arm64-musl@15.5.21':
    optional: true

  '@next/swc-linux-x64-gnu@15.5.21':
    optional: true

  '@next/swc-linux-x64-musl@15.5.21':
    optional: true

  '@next/swc-win32-arm64-msvc@15.5.21':
    optional: true

  '@next/swc-win32-x64-msvc@15.5.21':
    optional: true

  '@smithy/core@3.31.1':
    dependencies:
      '@smithy/types': 4.16.1
      tslib: 2.8.1

  '@smithy/credential-provider-imds@4.4.16':
    dependencies:
      '@smithy/core': 3.31.1
      '@smithy/types': 4.16.1
      tslib: 2.8.1

  '@smithy/fetch-http-handler@5.6.13':
    dependencies:
      '@smithy/core': 3.31.1
      '@smithy/types': 4.16.1
      tslib: 2.8.1

  '@smithy/node-http-handler@4.9.13':
    dependencies:
      '@smithy/core': 3.31.1
      '@smithy/types': 4.16.1
      tslib: 2.8.1

  '@smithy/signature-v4@5.6.12':
    dependencies:
      '@smithy/core': 3.31.1
      '@smithy/types': 4.16.1
      tslib: 2.8.1

  '@smithy/types@4.16.1':
    dependencies:
      tslib: 2.8.1

  '@supabase/auth-js@2.110.8':
    dependencies:
      tslib: 2.8.1

  '@supabase/functions-js@2.110.8':
    dependencies:
      tslib: 2.8.1

  '@supabase/phoenix@0.4.5': {}

  '@supabase/postgrest-js@2.110.8':
    dependencies:
      tslib: 2.8.1

  '@supabase/realtime-js@2.110.8':
    dependencies:
      '@supabase/phoenix': 0.4.5
      tslib: 2.8.1

  '@supabase/storage-js@2.110.8':
    dependencies:
      iceberg-js: 0.8.1
      tslib: 2.8.1

  '@supabase/supabase-js@2.110.8':
    dependencies:
      '@supabase/auth-js': 2.110.8
      '@supabase/functions-js': 2.110.8
      '@supabase/postgrest-js': 2.110.8
      '@supabase/realtime-js': 2.110.8
      '@supabase/storage-js': 2.110.8

  '@swc/helpers@0.5.15':
    dependencies:
      tslib: 2.8.1

  '@types/node@22.20.1':
    dependencies:
      undici-types: 6.21.0

  '@types/nodemailer@8.0.1':
    dependencies:
      '@types/node': 22.20.1

  '@types/react-dom@19.2.3(@types/react@19.2.17)':
    dependencies:
      '@types/react': 19.2.17

  '@types/react@19.2.17':
    dependencies:
      csstype: 3.2.3

  bowser@2.14.1: {}

  buffer-from@1.1.2: {}

  caniuse-lite@1.0.30001806: {}

  client-only@0.0.1: {}

  combine-errors@3.0.3:
    dependencies:
      custom-error-instance: 2.1.1
      lodash.uniqby: 4.5.0

  csstype@3.2.3: {}

  custom-error-instance@2.1.1: {}

  detect-libc@2.1.2:
    optional: true

  graceful-fs@4.2.11: {}

  iceberg-js@0.8.1: {}

  is-stream@2.0.1: {}

  js-base64@3.9.1: {}

  lodash._baseiteratee@4.7.0:
    dependencies:
      lodash._stringtopath: 4.8.0

  lodash._basetostring@4.12.0: {}

  lodash._baseuniq@4.6.0:
    dependencies:
      lodash._createset: 4.0.3
      lodash._root: 3.0.1

  lodash._createset@4.0.3: {}

  lodash._root@3.0.1: {}

  lodash._stringtopath@4.8.0:
    dependencies:
      lodash._basetostring: 4.12.0

  lodash.throttle@4.1.1: {}

  lodash.uniqby@4.5.0:
    dependencies:
      lodash._baseiteratee: 4.7.0
      lodash._baseuniq: 4.6.0

  lucide-react@0.468.0(react@19.2.8):
    dependencies:
      react: 19.2.8

  nanoid@3.3.16: {}

  next@15.5.21(react-dom@19.2.8(react@19.2.8))(react@19.2.8):
    dependencies:
      '@next/env': 15.5.21
      '@swc/helpers': 0.5.15
      caniuse-lite: 1.0.30001806
      postcss: 8.4.31
      react: 19.2.8
      react-dom: 19.2.8(react@19.2.8)
      styled-jsx: 5.1.6(react@19.2.8)
    optionalDependencies:
      '@next/swc-darwin-arm64': 15.5.21
      '@next/swc-darwin-x64': 15.5.21
      '@next/swc-linux-arm64-gnu': 15.5.21
      '@next/swc-linux-arm64-musl': 15.5.21
      '@next/swc-linux-x64-gnu': 15.5.21
      '@next/swc-linux-x64-musl': 15.5.21
      '@next/swc-win32-arm64-msvc': 15.5.21
      '@next/swc-win32-x64-msvc': 15.5.21
      sharp: 0.34.5
    transitivePeerDependencies:
      - '@babel/core'
      - babel-plugin-macros

  nodemailer@9.0.3: {}

  picocolors@1.1.1: {}

  postcss@8.4.31:
    dependencies:
      nanoid: 3.3.16
      picocolors: 1.1.1
      source-map-js: 1.2.1

  proper-lockfile@4.1.2:
    dependencies:
      graceful-fs: 4.2.11
      retry: 0.12.0
      signal-exit: 3.0.7

  querystringify@2.2.0: {}

  react-dom@19.2.8(react@19.2.8):
    dependencies:
      react: 19.2.8
      scheduler: 0.27.0

  react@19.2.8: {}

  requires-port@1.0.0: {}

  retry@0.12.0: {}

  scheduler@0.27.0: {}

  semver@7.8.5:
    optional: true

  sharp@0.34.5:
    dependencies:
      '@img/colour': 1.1.0
      detect-libc: 2.1.2
      semver: 7.8.5
    optionalDependencies:
      '@img/sharp-darwin-arm64': 0.34.5
      '@img/sharp-darwin-x64': 0.34.5
      '@img/sharp-libvips-darwin-arm64': 1.2.4
      '@img/sharp-libvips-darwin-x64': 1.2.4
      '@img/sharp-libvips-linux-arm': 1.2.4
      '@img/sharp-libvips-linux-arm64': 1.2.4
      '@img/sharp-libvips-linux-ppc64': 1.2.4
      '@img/sharp-libvips-linux-riscv64': 1.2.4
      '@img/sharp-libvips-linux-s390x': 1.2.4
      '@img/sharp-libvips-linux-x64': 1.2.4
      '@img/sharp-libvips-linuxmusl-arm64': 1.2.4
      '@img/sharp-libvips-linuxmusl-x64': 1.2.4
      '@img/sharp-linux-arm': 0.34.5
      '@img/sharp-linux-arm64': 0.34.5
      '@img/sharp-linux-ppc64': 0.34.5
      '@img/sharp-linux-riscv64': 0.34.5
      '@img/sharp-linux-s390x': 0.34.5
      '@img/sharp-linux-x64': 0.34.5
      '@img/sharp-linuxmusl-arm64': 0.34.5
      '@img/sharp-linuxmusl-x64': 0.34.5
      '@img/sharp-wasm32': 0.34.5
      '@img/sharp-win32-arm64': 0.34.5
      '@img/sharp-win32-ia32': 0.34.5
      '@img/sharp-win32-x64': 0.34.5
    optional: true

  signal-exit@3.0.7: {}

  source-map-js@1.2.1: {}

  styled-jsx@5.1.6(react@19.2.8):
    dependencies:
      client-only: 0.0.1
      react: 19.2.8

  tslib@2.8.1: {}

  tus-js-client@4.3.1:
    dependencies:
      buffer-from: 1.1.2
      combine-errors: 3.0.3
      is-stream: 2.0.1
      js-base64: 3.9.1
      lodash.throttle: 4.1.1
      proper-lockfile: 4.1.2
      url-parse: 1.5.10

  typescript@5.9.3: {}

  undici-types@6.21.0: {}

  url-parse@1.5.10:
    dependencies:
      querystringify: 2.2.0
      requires-port: 1.0.0
